
Microsoft Visual Studio Solution File, Format Version 12.00
# Visual Studio Version 17
VisualStudioVersion = 17.5.33424.131
MinimumVisualStudioVersion = 10.0.40219.1
Project("{8BC9CEB8-8B4A-11D0-8D11-00A0C91BC942}") = "Sandbox", "Sandbox\Sandbox.vcxproj", "{FE99C6F3-B418-4B35-B0FF-C6B57981CA00}"
EndProject
Project("{8BC9CEB8-8B4A-11D0-8D11-00A0C91BC942}") = "GameEngine", "GameEngine\GameEngine.vcxproj", "{C914A3BD-3F52-4502-87D5-29158F6906F3}"
EndProject
Global
	GlobalSection(SolutionConfigurationPlatforms) = preSolution
		Debug|x64 = Debug|x64
		Release|x64 = Release|x64
	EndGlobalSection
	GlobalSection(ProjectConfigurationPlatforms) = postSolution
		{C914A3BD-3F52-4502-87D5-29158F6906F3}.Debug|x64.ActiveCfg = Debug|x64
		{C914A3BD-3F52-4502-87D5-29158F6906F3}.Debug|x64.Build.0 = Debug|x64
		{C914A3BD-3F52-4502-87D5-29158F6906F3}.Release|x64.ActiveCfg = Release|x64
		{C914A3BD-3F52-4502-87D5-29158F6906F3}.Release|x64.Build.0 = Release|x64
		{FE99C6F3-B418-4B35-B0FF-C6B57981CA00}.Debug|x64.ActiveCfg = Debug|x64
		{FE99C6F3-B418-4B35-B0FF-C6B57981CA00}.Debug|x64.Build.0 = Debug|x64
		{FE99C6F3-B418-4B35-B0FF-C6B57981CA00}.Release|x64.ActiveCfg = Release|x64
		{FE99C6F3-B418-4B35-B0FF-C6B57981CA00}.Release|x64.Build.0 = Release|x64
	EndGlobalSection
	GlobalSection(SolutionProperties) = preSolution
		HideSolutionNode = FALSE
	EndGlobalSection
	GlobalSection(ExtensibilityGlobals) = postSolution
		SolutionGuid = {EAE4C21C-C981-4755-BD40-A195C5B44072}
	EndGlobalSection
EndGlobal
